<?xml version="1.0" encoding="utf-8"?>
<Project ToolsVersion="4.0" xmlns="http://schemas.microsoft.com/developer/msbuild/2003">
  <ItemGroup>
    <ClCompile Include="domain_test.cpp" />
    <ClCompile Include="..\foye_math\fp32\src\AVX2_FMA\asinacosatan.cpp">
      <Filter>foye_math_fp32\src\AVX2_FMA</Filter>
    </ClCompile>
    <ClCompile Include="..\foye_math\fp32\src\AVX2_FMA\asinhacoshatanh.cpp">
      <Filter>foye_math_fp32\src\AVX2_FMA</Filter>
    </ClCompile>
    <ClCompile Include="..\foye_math\fp32\src\AVX2_FMA\atan2.cpp">
      <Filter>foye_math_fp32\src\AVX2_FMA</Filter>
    </ClCompile>
    <ClCompile Include="..\foye_math\fp32\src\AVX2_FMA\cbrt.cpp">
      <Filter>foye_math_fp32\src\AVX2_FMA</Filter>
    </ClCompile>
    <ClCompile Include="..\foye_math\fp32\src\AVX2_FMA\erf.cpp">
      <Filter>foye_math_fp32\src\AVX2_FMA</Filter>
    </ClCompile>
    <ClCompile Include="..\foye_math\fp32\src\AVX2_FMA\erfc.cpp">
      <Filter>foye_math_fp32\src\AVX2_FMA</Filter>
    </ClCompile>
    <ClCompile Include="..\foye_math\fp32\src\AVX2_FMA\exp.cpp">
      <Filter>foye_math_fp32\src\AVX2_FMA</Filter>
    </ClCompile>
    <ClCompile Include="..\foye_math\fp32\src\AVX2_FMA\exp2.cpp">
      <Filter>foye_math_fp32\src\AVX2_FMA</Filter>
    </ClCompile>
    <ClCompile Include="..\foye_math\fp32\src\AVX2_FMA\exp10.cpp">
      <Filter>foye_math_fp32\src\AVX2_FMA</Filter>
    </ClCompile>
    <ClCompile Include="..\foye_math\fp32\src\AVX2_FMA\expm1.cpp">
      <Filter>foye_math_fp32\src\AVX2_FMA</Filter>
    </ClCompile>
    <ClCompile Include="..\foye_math\fp32\src\AVX2_FMA\fmod.cpp">
      <Filter>foye_math_fp32\src\AVX2_FMA</Filter>
    </ClCompile>
    <ClCompile Include="..\foye_math\fp32\src\AVX2_FMA\hypot.cpp">
      <Filter>foye_math_fp32\src\AVX2_FMA</Filter>
    </ClCompile>
    <ClCompile Include="..\foye_math\fp32\src\AVX2_FMA\invcbrt.cpp">
      <Filter>foye_math_fp32\src\AVX2_FMA</Filter>
    </ClCompile>
    <ClCompile Include="..\foye_math\fp32\src\AVX2_FMA\log.cpp">
      <Filter>foye_math_fp32\src\AVX2_FMA</Filter>
    </ClCompile>
    <ClCompile Include="..\foye_math\fp32\src\AVX2_FMA\log1p.cpp">
      <Filter>foye_math_fp32\src\AVX2_FMA</Filter>
    </ClCompile>
    <ClCompile Include="..\foye_math\fp32\src\AVX2_FMA\log2.cpp">
      <Filter>foye_math_fp32\src\AVX2_FMA</Filter>
    </ClCompile>
    <ClCompile Include="..\foye_math\fp32\src\AVX2_FMA\log10.cpp">
      <Filter>foye_math_fp32\src\AVX2_FMA</Filter>
    </ClCompile>
    <ClCompile Include="..\foye_math\fp32\src\AVX2_FMA\logb.cpp">
      <Filter>foye_math_fp32\src\AVX2_FMA</Filter>
    </ClCompile>
    <ClCompile Include="..\foye_math\fp32\src\AVX2_FMA\modf.cpp">
      <Filter>foye_math_fp32\src\AVX2_FMA</Filter>
    </ClCompile>
    <ClCompile Include="..\foye_math\fp32\src\AVX2_FMA\pow.cpp">
      <Filter>foye_math_fp32\src\AVX2_FMA</Filter>
    </ClCompile>
    <ClCompile Include="..\foye_math\fp32\src\AVX2_FMA\sincostan.cpp">
      <Filter>foye_math_fp32\src\AVX2_FMA</Filter>
    </ClCompile>
    <ClCompile Include="..\foye_math\fp32\src\AVX2_FMA\sinhcoshtanh.cpp">
      <Filter>foye_math_fp32\src\AVX2_FMA</Filter>
    </ClCompile>
    <ClCompile Include="..\foye_math\fp32\batch_wrapping.cpp">
      <Filter>foye_math_fp32</Filter>
    </ClCompile>
    <ClCompile Include="..\foye_math\fp32\src\AVX2_FMA\ilogb.cpp">
      <Filter>foye_math_fp32\src\AVX2_FMA</Filter>
    </ClCompile>
  </ItemGroup>
  <ItemGroup>
    <None Include="cpp.hint" />
    <None Include="License.LICENSE" />
  </ItemGroup>
  <ItemGroup>
    <Filter Include="foye_math_fp32">
      <UniqueIdentifier>{31e0737c-5b9c-452a-b89d-242e308d0d3a}</UniqueIdentifier>
    </Filter>
    <Filter Include="foye_math_fp32\src">
      <UniqueIdentifier>{b608baaf-6fbc-47e6-93e2-4d93df9cc788}</UniqueIdentifier>
    </Filter>
    <Filter Include="foye_math_fp32\src\AVX2_FMA">
      <UniqueIdentifier>{aa16277f-0611-49cd-94b6-539fd0922c82}</UniqueIdentifier>
    </Filter>
    <Filter Include="foye_math_fp32\src\AVX512">
      <UniqueIdentifier>{a365111e-09b7-40f4-89ad-ae6875d9f9b0}</UniqueIdentifier>
    </Filter>
  </ItemGroup>
  <ItemGroup>
    <ClInclude Include="..\foye_math\fp32\foye_fastmath_fp32.hpp">
      <Filter>foye_math_fp32</Filter>
    </ClInclude>
  </ItemGroup>
</Project>